
Microsoft Visual Studio Solution File, Format Version 12.00
# Visual Studio Version 17
VisualStudioVersion = 17.9.34728.123
MinimumVisualStudioVersion = 10.0.40219.1
Project("{FAE04EC0-301F-11D3-BF4B-00C04F79EFBC}") = "soma_numeros_ate_ele_mesmo", "soma_numeros_ate_ele_mesmo\soma_numeros_ate_ele_mesmo.csproj", "{C91B3B56-567C-4243-8C0C-7B01D4120851}"
EndProject
Global
	GlobalSection(SolutionConfigurationPlatforms) = preSolution
		Debug|Any CPU = Debug|Any CPU
		Release|Any CPU = Release|Any CPU
	EndGlobalSection
	GlobalSection(ProjectConfigurationPlatforms) = postSolution
		{C91B3B56-567C-4243-8C0C-7B01D4120851}.Debug|Any CPU.ActiveCfg = Debug|Any CPU
		{C91B3B56-567C-4243-8C0C-7B01D4120851}.Debug|Any CPU.Build.0 = Debug|Any CPU
		{C91B3B56-567C-4243-8C0C-7B01D4120851}.Release|Any CPU.ActiveCfg = Release|Any CPU
		{C91B3B56-567C-4243-8C0C-7B01D4120851}.Release|Any CPU.Build.0 = Release|Any CPU
	EndGlobalSection
	GlobalSection(SolutionProperties) = preSolution
		HideSolutionNode = FALSE
	EndGlobalSection
	GlobalSection(ExtensibilityGlobals) = postSolution
		SolutionGuid = {D80733E5-401C-4DFF-A670-9372600CA027}
	EndGlobalSection
EndGlobal
